
Microsoft Visual Studio Solution File, Format Version 12.00
# Visual Studio Version 17
VisualStudioVersion = 17.12.35707.178
MinimumVisualStudioVersion = 10.0.40219.1
Project("{FAE04EC0-301F-11D3-BF4B-00C04F79EFBC}") = "Domain", "Domain\Domain.csproj", "{F5B06EAC-C739-4FCF-80EA-7BF1F2EB03A5}"
EndProject
Project("{FAE04EC0-301F-11D3-BF4B-00C04F79EFBC}") = "Persistence", "Persistence\Persistence.csproj", "{7EE4BF57-A08E-493D-831E-DAFDFA471941}"
EndProject
Project("{FAE04EC0-301F-11D3-BF4B-00C04F79EFBC}") = "TestProject", "TestProject\TestProject.csproj", "{F0203683-7F2F-4E39-B25C-776AA5A41D08}"
EndProject
Project("{FAE04EC0-301F-11D3-BF4B-00C04F79EFBC}") = "Application2", "Application2\Application2.csproj", "{796D9A60-0A92-4045-AB45-8FD76CEDBB42}"
EndProject
Project("{FAE04EC0-301F-11D3-BF4B-00C04F79EFBC}") = "Web.API", "Web.API\Web.API.csproj", "{947CCC10-741E-480B-AB69-C58955ABCF78}"
EndProject
Global
	GlobalSection(SolutionConfigurationPlatforms) = preSolution
		Debug|Any CPU = Debug|Any CPU
		Release|Any CPU = Release|Any CPU
	EndGlobalSection
	GlobalSection(ProjectConfigurationPlatforms) = postSolution
		{F5B06EAC-C739-4FCF-80EA-7BF1F2EB03A5}.Debug|Any CPU.ActiveCfg = Debug|Any CPU
		{F5B06EAC-C739-4FCF-80EA-7BF1F2EB03A5}.Debug|Any CPU.Build.0 = Debug|Any CPU
		{F5B06EAC-C739-4FCF-80EA-7BF1F2EB03A5}.Release|Any CPU.ActiveCfg = Release|Any CPU
		{F5B06EAC-C739-4FCF-80EA-7BF1F2EB03A5}.Release|Any CPU.Build.0 = Release|Any CPU
		{7EE4BF57-A08E-493D-831E-DAFDFA471941}.Debug|Any CPU.ActiveCfg = Debug|Any CPU
		{7EE4BF57-A08E-493D-831E-DAFDFA471941}.Debug|Any CPU.Build.0 = Debug|Any CPU
		{7EE4BF57-A08E-493D-831E-DAFDFA471941}.Release|Any CPU.ActiveCfg = Release|Any CPU
		{7EE4BF57-A08E-493D-831E-DAFDFA471941}.Release|Any CPU.Build.0 = Release|Any CPU
		{F0203683-7F2F-4E39-B25C-776AA5A41D08}.Debug|Any CPU.ActiveCfg = Debug|Any CPU
		{F0203683-7F2F-4E39-B25C-776AA5A41D08}.Debug|Any CPU.Build.0 = Debug|Any CPU
		{F0203683-7F2F-4E39-B25C-776AA5A41D08}.Release|Any CPU.ActiveCfg = Release|Any CPU
		{F0203683-7F2F-4E39-B25C-776AA5A41D08}.Release|Any CPU.Build.0 = Release|Any CPU
		{796D9A60-0A92-4045-AB45-8FD76CEDBB42}.Debug|Any CPU.ActiveCfg = Debug|Any CPU
		{796D9A60-0A92-4045-AB45-8FD76CEDBB42}.Debug|Any CPU.Build.0 = Debug|Any CPU
		{796D9A60-0A92-4045-AB45-8FD76CEDBB42}.Release|Any CPU.ActiveCfg = Release|Any CPU
		{796D9A60-0A92-4045-AB45-8FD76CEDBB42}.Release|Any CPU.Build.0 = Release|Any CPU
		{947CCC10-741E-480B-AB69-C58955ABCF78}.Debug|Any CPU.ActiveCfg = Debug|Any CPU
		{947CCC10-741E-480B-AB69-C58955ABCF78}.Debug|Any CPU.Build.0 = Debug|Any CPU
		{947CCC10-741E-480B-AB69-C58955ABCF78}.Release|Any CPU.ActiveCfg = Release|Any CPU
		{947CCC10-741E-480B-AB69-C58955ABCF78}.Release|Any CPU.Build.0 = Release|Any CPU
	EndGlobalSection
	GlobalSection(SolutionProperties) = preSolution
		HideSolutionNode = FALSE
	EndGlobalSection
EndGlobal
